
Microsoft Visual Studio Solution File, Format Version 12.00
# Visual Studio 14
VisualStudioVersion = 14.0.25420.1
MinimumVisualStudioVersion = 10.0.40219.1
Project("{8BC9CEB8-8B4A-11D0-8D11-00A0C91BC942}") = "FederateBase", "FederateBase.vcxproj", "{05B6DFCA-CEEC-449A-BCB9-279F9C733207}"
EndProject
Project("{8BC9CEB8-8B4A-11D0-8D11-00A0C91BC942}") = "ChallengeFederate", "..\ChallengeFederate\ChallengerFederate.vcxproj", "{EA41788D-6EBF-44D0-B3C9-F16887736178}"
	ProjectSection(ProjectDependencies) = postProject
		{05B6DFCA-CEEC-449A-BCB9-279F9C733207} = {05B6DFCA-CEEC-449A-BCB9-279F9C733207}
	EndProjectSection
EndProject
Project("{8BC9CEB8-8B4A-11D0-8D11-00A0C91BC942}") = "ResponseFederate", "..\ResponseFederate\ResponseFederate.vcxproj", "{4EC1C638-430A-445A-B63E-14DBDC12CF85}"
	ProjectSection(ProjectDependencies) = postProject
		{05B6DFCA-CEEC-449A-BCB9-279F9C733207} = {05B6DFCA-CEEC-449A-BCB9-279F9C733207}
	EndProjectSection
EndProject
Project("{2150E333-8FDC-42A3-9474-1A3956D46DE8}") = "Examples", "Examples", "{482EAF89-D45F-4AA5-9E35-ECB71C48444B}"
EndProject
Global
	GlobalSection(SolutionConfigurationPlatforms) = preSolution
		Debug|x64 = Debug|x64
		Release|x64 = Release|x64
	EndGlobalSection
	GlobalSection(ProjectConfigurationPlatforms) = postSolution
		{05B6DFCA-CEEC-449A-BCB9-279F9C733207}.Debug|x64.ActiveCfg = Debug|x64
		{05B6DFCA-CEEC-449A-BCB9-279F9C733207}.Debug|x64.Build.0 = Debug|x64
		{05B6DFCA-CEEC-449A-BCB9-279F9C733207}.Release|x64.ActiveCfg = Release|x64
		{05B6DFCA-CEEC-449A-BCB9-279F9C733207}.Release|x64.Build.0 = Release|x64
		{EA41788D-6EBF-44D0-B3C9-F16887736178}.Debug|x64.ActiveCfg = Debug|x64
		{EA41788D-6EBF-44D0-B3C9-F16887736178}.Debug|x64.Build.0 = Debug|x64
		{EA41788D-6EBF-44D0-B3C9-F16887736178}.Release|x64.ActiveCfg = Release|x64
		{EA41788D-6EBF-44D0-B3C9-F16887736178}.Release|x64.Build.0 = Release|x64
		{4EC1C638-430A-445A-B63E-14DBDC12CF85}.Debug|x64.ActiveCfg = Debug|x64
		{4EC1C638-430A-445A-B63E-14DBDC12CF85}.Debug|x64.Build.0 = Debug|x64
		{4EC1C638-430A-445A-B63E-14DBDC12CF85}.Release|x64.ActiveCfg = Release|x64
		{4EC1C638-430A-445A-B63E-14DBDC12CF85}.Release|x64.Build.0 = Release|x64
	EndGlobalSection
	GlobalSection(SolutionProperties) = preSolution
		HideSolutionNode = FALSE
	EndGlobalSection
	GlobalSection(NestedProjects) = preSolution
		{EA41788D-6EBF-44D0-B3C9-F16887736178} = {482EAF89-D45F-4AA5-9E35-ECB71C48444B}
		{4EC1C638-430A-445A-B63E-14DBDC12CF85} = {482EAF89-D45F-4AA5-9E35-ECB71C48444B}
	EndGlobalSection
EndGlobal
