<?xml version="1.0" encoding="utf-8"?>
<Project ToolsVersion="4.0" xmlns="http://schemas.microsoft.com/developer/msbuild/2003">
  <ItemGroup>
    <ClInclude Include="..\..\..\src\cpp\FederateBase\gov\nist\ucef\config.h" />
    <ClInclude Include="..\..\..\src\cpp\FederateBase\gov\nist\ucef\hla\base\FederateAmbassador.h" />
    <ClInclude Include="..\..\..\src\cpp\FederateBase\gov\nist\ucef\hla\base\FederateBase.h" />
    <ClInclude Include="..\..\..\src\cpp\FederateBase\gov\nist\ucef\hla\base\FederateConfiguration.h" />
    <ClInclude Include="..\..\..\src\cpp\FederateBase\gov\nist\ucef\hla\base\HLAInteraction.h" />
    <ClInclude Include="..\..\..\src\cpp\FederateBase\gov\nist\ucef\hla\base\HLAObject.h" />
    <ClInclude Include="..\..\..\src\cpp\FederateBase\gov\nist\ucef\hla\base\IFederateBase.h" />
    <ClInclude Include="..\..\..\src\cpp\FederateBase\gov\nist\ucef\hla\base\RTIAmbassadorWrapper.h" />
    <ClInclude Include="..\..\..\src\cpp\FederateBase\gov\nist\ucef\hla\base\UCEFDataTypeException.h" />
    <ClInclude Include="..\..\..\src\cpp\FederateBase\gov\nist\ucef\hla\base\UCEFException.h" />
    <ClInclude Include="..\..\..\src\cpp\FederateBase\gov\nist\ucef\hla\types.h" />
    <ClInclude Include="..\..\..\src\cpp\FederateBase\gov\nist\ucef\hla\ucef\interactions\SimEnd.h" />
    <ClInclude Include="..\..\..\src\cpp\FederateBase\gov\nist\ucef\hla\ucef\interactions\SimPause.h" />
    <ClInclude Include="..\..\..\src\cpp\FederateBase\gov\nist\ucef\hla\ucef\interactions\SimResume.h" />
    <ClInclude Include="..\..\..\src\cpp\FederateBase\gov\nist\ucef\hla\ucef\interactions\SimStart.h" />
    <ClInclude Include="..\..\..\src\cpp\FederateBase\gov\nist\ucef\hla\ucef\interactions\UCEFInteraction.h" />
    <ClInclude Include="..\..\..\src\cpp\FederateBase\gov\nist\ucef\hla\ucef\NoOpFederate.h" />
    <ClInclude Include="..\..\..\src\cpp\FederateBase\gov\nist\ucef\hla\ucef\UCEFFederateBase.h" />
    <ClInclude Include="..\..\..\src\cpp\FederateBase\gov\nist\ucef\util\Logger.h" />
    <ClInclude Include="..\..\..\src\cpp\FederateBase\gov\nist\ucef\util\SOMParser.h" />
  </ItemGroup>
  <ItemGroup>
    <ClCompile Include="..\..\..\src\cpp\FederateBase\gov\nist\ucef\hla\base\FederateAmbassador.cpp" />
    <ClCompile Include="..\..\..\src\cpp\FederateBase\gov\nist\ucef\hla\base\FederateBase.cpp" />
    <ClCompile Include="..\..\..\src\cpp\FederateBase\gov\nist\ucef\hla\base\FederateConfiguration.cpp" />
    <ClCompile Include="..\..\..\src\cpp\FederateBase\gov\nist\ucef\hla\base\HLAInteraction.cpp" />
    <ClCompile Include="..\..\..\src\cpp\FederateBase\gov\nist\ucef\hla\base\HLAObject.cpp" />
    <ClCompile Include="..\..\..\src\cpp\FederateBase\gov\nist\ucef\hla\base\RTIAmbassadorWrapper.cpp" />
    <ClCompile Include="..\..\..\src\cpp\FederateBase\gov\nist\ucef\hla\base\UCEFDataTypeException.cpp" />
    <ClCompile Include="..\..\..\src\cpp\FederateBase\gov\nist\ucef\hla\base\UCEFException.cpp" />
    <ClCompile Include="..\..\..\src\cpp\FederateBase\gov\nist\ucef\hla\ucef\interactions\SimEnd.cpp" />
    <ClCompile Include="..\..\..\src\cpp\FederateBase\gov\nist\ucef\hla\ucef\interactions\SimPause.cpp" />
    <ClCompile Include="..\..\..\src\cpp\FederateBase\gov\nist\ucef\hla\ucef\interactions\SimResume.cpp" />
    <ClCompile Include="..\..\..\src\cpp\FederateBase\gov\nist\ucef\hla\ucef\interactions\SimStart.cpp" />
    <ClCompile Include="..\..\..\src\cpp\FederateBase\gov\nist\ucef\hla\ucef\interactions\UCEFInteraction.cpp" />
    <ClCompile Include="..\..\..\src\cpp\FederateBase\gov\nist\ucef\hla\ucef\UCEFFederateBase.cpp" />
    <ClCompile Include="..\..\..\src\cpp\FederateBase\gov\nist\ucef\util\Logger.cpp" />
    <ClCompile Include="..\..\..\src\cpp\FederateBase\gov\nist\ucef\util\SOMParser.cpp" />
  </ItemGroup>
</Project>